
Microsoft Visual Studio Solution File, Format Version 12.00
# Visual Studio Version 16
VisualStudioVersion = 16.0.30517.126
MinimumVisualStudioVersion = 10.0.40219.1
Project("{FAE04EC0-301F-11D3-BF4B-00C04F79EFBC}") = "Agenda", "Agenda\Agenda.csproj", "{9B895948-4AE7-461D-9BAA-E5BE48C70470}"
EndProject
Global
	GlobalSection(SolutionConfigurationPlatforms) = preSolution
		Debug|Any CPU = Debug|Any CPU
		Release|Any CPU = Release|Any CPU
	EndGlobalSection
	GlobalSection(ProjectConfigurationPlatforms) = postSolution
		{9B895948-4AE7-461D-9BAA-E5BE48C70470}.Debug|Any CPU.ActiveCfg = Debug|Any CPU
		{9B895948-4AE7-461D-9BAA-E5BE48C70470}.Debug|Any CPU.Build.0 = Debug|Any CPU
		{9B895948-4AE7-461D-9BAA-E5BE48C70470}.Release|Any CPU.ActiveCfg = Release|Any CPU
		{9B895948-4AE7-461D-9BAA-E5BE48C70470}.Release|Any CPU.Build.0 = Release|Any CPU
	EndGlobalSection
	GlobalSection(SolutionProperties) = preSolution
		HideSolutionNode = FALSE
	EndGlobalSection
	GlobalSection(ExtensibilityGlobals) = postSolution
		SolutionGuid = {DE78C0FC-18B9-426A-ACA3-A5F6F70E029F}
	EndGlobalSection
EndGlobal
